
Microsoft Visual Studio Solution File, Format Version 12.00
# Visual Studio Version 16
VisualStudioVersion = 16.0.30413.136
MinimumVisualStudioVersion = 10.0.40219.1
Project("{D954291E-2A0B-460D-934E-DC6B0785DB48}") = "GaslandsHQ.Shared", "GaslandsHQ.Shared\GaslandsHQ.Shared.shproj", "{6279C845-92F8-4333-AB99-3D213163593C}"
EndProject
Project("{FAE04EC0-301F-11D3-BF4B-00C04F79EFBC}") = "GaslandsHQ.Droid", "GaslandsHQ.Droid\GaslandsHQ.Droid.csproj", "{530B207D-90F8-404A-BAA6-9B9D66352BA8}"
EndProject
Project("{FAE04EC0-301F-11D3-BF4B-00C04F79EFBC}") = "GaslandsHQ.iOS", "GaslandsHQ.iOS\GaslandsHQ.iOS.csproj", "{7164021D-881D-4F84-84EC-2B6CAA400858}"
EndProject
Project("{FAE04EC0-301F-11D3-BF4B-00C04F79EFBC}") = "GaslandsHQ.UWP", "GaslandsHQ.UWP\GaslandsHQ.UWP.csproj", "{DA8BD6FD-3022-4118-A693-F100A615C760}"
EndProject
Project("{FAE04EC0-301F-11D3-BF4B-00C04F79EFBC}") = "GaslandsHQ.Wasm", "GaslandsHQ.Wasm\GaslandsHQ.Wasm.csproj", "{EDA3AA92-8511-41F9-8704-075C097EC8BC}"
EndProject
Project("{FAE04EC0-301F-11D3-BF4B-00C04F79EFBC}") = "GaslandsHQ.macOS", "GaslandsHQ.macOS\GaslandsHQ.macOS.csproj", "{BF4AB1E5-625C-49C6-8682-D9C95DD72DD4}"
EndProject
Project("{FAE04EC0-301F-11D3-BF4B-00C04F79EFBC}") = "GaslandsHQ", "GaslandsHQ\GaslandsHQ.csproj", "{16F6FF6E-666D-4AC7-A767-55E8F13DAEAA}"
EndProject
Global
	GlobalSection(SharedMSBuildProjectFiles) = preSolution
		GaslandsHQ.Shared\GaslandsHQ.Shared.projitems*{530b207d-90f8-404a-baa6-9b9d66352ba8}*SharedItemsImports = 4
		GaslandsHQ.Shared\GaslandsHQ.Shared.projitems*{6279c845-92f8-4333-ab99-3d213163593c}*SharedItemsImports = 13
		GaslandsHQ.Shared\GaslandsHQ.Shared.projitems*{7164021d-881d-4f84-84ec-2b6caa400858}*SharedItemsImports = 4
		GaslandsHQ.Shared\GaslandsHQ.Shared.projitems*{bf4ab1e5-625c-49c6-8682-d9c95dd72dd4}*SharedItemsImports = 4
		GaslandsHQ.Shared\GaslandsHQ.Shared.projitems*{da8bd6fd-3022-4118-a693-f100a615c760}*SharedItemsImports = 4
		GaslandsHQ.Shared\GaslandsHQ.Shared.projitems*{eda3aa92-8511-41f9-8704-075c097ec8bc}*SharedItemsImports = 5
	EndGlobalSection
	GlobalSection(SolutionConfigurationPlatforms) = preSolution
		Ad-Hoc|Any CPU = Ad-Hoc|Any CPU
		Ad-Hoc|ARM = Ad-Hoc|ARM
		Ad-Hoc|ARM64 = Ad-Hoc|ARM64
		Ad-Hoc|iPhone = Ad-Hoc|iPhone
		Ad-Hoc|iPhoneSimulator = Ad-Hoc|iPhoneSimulator
		Ad-Hoc|x64 = Ad-Hoc|x64
		Ad-Hoc|x86 = Ad-Hoc|x86
		AppStore|Any CPU = AppStore|Any CPU
		AppStore|ARM = AppStore|ARM
		AppStore|ARM64 = AppStore|ARM64
		AppStore|iPhone = AppStore|iPhone
		AppStore|iPhoneSimulator = AppStore|iPhoneSimulator
		AppStore|x64 = AppStore|x64
		AppStore|x86 = AppStore|x86
		Debug|Any CPU = Debug|Any CPU
		Debug|ARM = Debug|ARM
		Debug|ARM64 = Debug|ARM64
		Debug|iPhone = Debug|iPhone
		Debug|iPhoneSimulator = Debug|iPhoneSimulator
		Debug|x64 = Debug|x64
		Debug|x86 = Debug|x86
		Release|Any CPU = Release|Any CPU
		Release|ARM = Release|ARM
		Release|ARM64 = Release|ARM64
		Release|iPhone = Release|iPhone
		Release|iPhoneSimulator = Release|iPhoneSimulator
		Release|x64 = Release|x64
		Release|x86 = Release|x86
	EndGlobalSection
	GlobalSection(ProjectConfigurationPlatforms) = postSolution
		{530B207D-90F8-404A-BAA6-9B9D66352BA8}.Ad-Hoc|Any CPU.ActiveCfg = Release|Any CPU
		{530B207D-90F8-404A-BAA6-9B9D66352BA8}.Ad-Hoc|Any CPU.Build.0 = Release|Any CPU
		{530B207D-90F8-404A-BAA6-9B9D66352BA8}.Ad-Hoc|Any CPU.Deploy.0 = Release|Any CPU
		{530B207D-90F8-404A-BAA6-9B9D66352BA8}.Ad-Hoc|ARM.ActiveCfg = Release|Any CPU
		{530B207D-90F8-404A-BAA6-9B9D66352BA8}.Ad-Hoc|ARM.Build.0 = Release|Any CPU
		{530B207D-90F8-404A-BAA6-9B9D66352BA8}.Ad-Hoc|ARM.Deploy.0 = Release|Any CPU
		{530B207D-90F8-404A-BAA6-9B9D66352BA8}.Ad-Hoc|ARM64.ActiveCfg = Release|Any CPU
		{530B207D-90F8-404A-BAA6-9B9D66352BA8}.Ad-Hoc|ARM64.Build.0 = Release|Any CPU
		{530B207D-90F8-404A-BAA6-9B9D66352BA8}.Ad-Hoc|ARM64.Deploy.0 = Release|Any CPU
		{530B207D-90F8-404A-BAA6-9B9D66352BA8}.Ad-Hoc|iPhone.ActiveCfg = Release|Any CPU
		{530B207D-90F8-404A-BAA6-9B9D66352BA8}.Ad-Hoc|iPhone.Build.0 = Release|Any CPU
		{530B207D-90F8-404A-BAA6-9B9D66352BA8}.Ad-Hoc|iPhone.Deploy.0 = Release|Any CPU
		{530B207D-90F8-404A-BAA6-9B9D66352BA8}.Ad-Hoc|iPhoneSimulator.ActiveCfg = Release|Any CPU
		{530B207D-90F8-404A-BAA6-9B9D66352BA8}.Ad-Hoc|iPhoneSimulator.Build.0 = Release|Any CPU
		{530B207D-90F8-404A-BAA6-9B9D66352BA8}.Ad-Hoc|iPhoneSimulator.Deploy.0 = Release|Any CPU
		{530B207D-90F8-404A-BAA6-9B9D66352BA8}.Ad-Hoc|x64.ActiveCfg = Release|Any CPU
		{530B207D-90F8-404A-BAA6-9B9D66352BA8}.Ad-Hoc|x64.Build.0 = Release|Any CPU
		{530B207D-90F8-404A-BAA6-9B9D66352BA8}.Ad-Hoc|x64.Deploy.0 = Release|Any CPU
		{530B207D-90F8-404A-BAA6-9B9D66352BA8}.Ad-Hoc|x86.ActiveCfg = Release|Any CPU
		{530B207D-90F8-404A-BAA6-9B9D66352BA8}.Ad-Hoc|x86.Build.0 = Release|Any CPU
		{530B207D-90F8-404A-BAA6-9B9D66352BA8}.Ad-Hoc|x86.Deploy.0 = Release|Any CPU
		{530B207D-90F8-404A-BAA6-9B9D66352BA8}.AppStore|Any CPU.ActiveCfg = Release|Any CPU
		{530B207D-90F8-404A-BAA6-9B9D66352BA8}.AppStore|Any CPU.Build.0 = Release|Any CPU
		{530B207D-90F8-404A-BAA6-9B9D66352BA8}.AppStore|Any CPU.Deploy.0 = Release|Any CPU
		{530B207D-90F8-404A-BAA6-9B9D66352BA8}.AppStore|ARM.ActiveCfg = Release|Any CPU
		{530B207D-90F8-404A-BAA6-9B9D66352BA8}.AppStore|ARM.Build.0 = Release|Any CPU
		{530B207D-90F8-404A-BAA6-9B9D66352BA8}.AppStore|ARM.Deploy.0 = Release|Any CPU
		{530B207D-90F8-404A-BAA6-9B9D66352BA8}.AppStore|ARM64.ActiveCfg = Release|Any CPU
		{530B207D-90F8-404A-BAA6-9B9D66352BA8}.AppStore|ARM64.Build.0 = Release|Any CPU
		{530B207D-90F8-404A-BAA6-9B9D66352BA8}.AppStore|ARM64.Deploy.0 = Release|Any CPU
		{530B207D-90F8-404A-BAA6-9B9D66352BA8}.AppStore|iPhone.ActiveCfg = Release|Any CPU
		{530B207D-90F8-404A-BAA6-9B9D66352BA8}.AppStore|iPhone.Build.0 = Release|Any CPU
		{530B207D-90F8-404A-BAA6-9B9D66352BA8}.AppStore|iPhone.Deploy.0 = Release|Any CPU
		{530B207D-90F8-404A-BAA6-9B9D66352BA8}.AppStore|iPhoneSimulator.ActiveCfg = Release|Any CPU
		{530B207D-90F8-404A-BAA6-9B9D66352BA8}.AppStore|iPhoneSimulator.Build.0 = Release|Any CPU
		{530B207D-90F8-404A-BAA6-9B9D66352BA8}.AppStore|iPhoneSimulator.Deploy.0 = Release|Any CPU
		{530B207D-90F8-404A-BAA6-9B9D66352BA8}.AppStore|x64.ActiveCfg = Release|Any CPU
		{530B207D-90F8-404A-BAA6-9B9D66352BA8}.AppStore|x64.Build.0 = Release|Any CPU
		{530B207D-90F8-404A-BAA6-9B9D66352BA8}.AppStore|x64.Deploy.0 = Release|Any CPU
		{530B207D-90F8-404A-BAA6-9B9D66352BA8}.AppStore|x86.ActiveCfg = Release|Any CPU
		{530B207D-90F8-404A-BAA6-9B9D66352BA8}.AppStore|x86.Build.0 = Release|Any CPU
		{530B207D-90F8-404A-BAA6-9B9D66352BA8}.AppStore|x86.Deploy.0 = Release|Any CPU
		{530B207D-90F8-404A-BAA6-9B9D66352BA8}.Debug|Any CPU.ActiveCfg = Debug|Any CPU
		{530B207D-90F8-404A-BAA6-9B9D66352BA8}.Debug|Any CPU.Build.0 = Debug|Any CPU
		{530B207D-90F8-404A-BAA6-9B9D66352BA8}.Debug|Any CPU.Deploy.0 = Debug|Any CPU
		{530B207D-90F8-404A-BAA6-9B9D66352BA8}.Debug|ARM.ActiveCfg = Debug|Any CPU
		{530B207D-90F8-404A-BAA6-9B9D66352BA8}.Debug|ARM.Build.0 = Debug|Any CPU
		{530B207D-90F8-404A-BAA6-9B9D66352BA8}.Debug|ARM.Deploy.0 = Debug|Any CPU
		{530B207D-90F8-404A-BAA6-9B9D66352BA8}.Debug|ARM64.ActiveCfg = Debug|Any CPU
		{530B207D-90F8-404A-BAA6-9B9D66352BA8}.Debug|ARM64.Build.0 = Debug|Any CPU
		{530B207D-90F8-404A-BAA6-9B9D66352BA8}.Debug|ARM64.Deploy.0 = Debug|Any CPU
		{530B207D-90F8-404A-BAA6-9B9D66352BA8}.Debug|iPhone.ActiveCfg = Debug|Any CPU
		{530B207D-90F8-404A-BAA6-9B9D66352BA8}.Debug|iPhone.Build.0 = Debug|Any CPU
		{530B207D-90F8-404A-BAA6-9B9D66352BA8}.Debug|iPhone.Deploy.0 = Debug|Any CPU
		{530B207D-90F8-404A-BAA6-9B9D66352BA8}.Debug|iPhoneSimulator.ActiveCfg = Debug|Any CPU
		{530B207D-90F8-404A-BAA6-9B9D66352BA8}.Debug|iPhoneSimulator.Build.0 = Debug|Any CPU
		{530B207D-90F8-404A-BAA6-9B9D66352BA8}.Debug|iPhoneSimulator.Deploy.0 = Debug|Any CPU
		{530B207D-90F8-404A-BAA6-9B9D66352BA8}.Debug|x64.ActiveCfg = Debug|Any CPU
		{530B207D-90F8-404A-BAA6-9B9D66352BA8}.Debug|x64.Build.0 = Debug|Any CPU
		{530B207D-90F8-404A-BAA6-9B9D66352BA8}.Debug|x64.Deploy.0 = Debug|Any CPU
		{530B207D-90F8-404A-BAA6-9B9D66352BA8}.Debug|x86.ActiveCfg = Debug|Any CPU
		{530B207D-90F8-404A-BAA6-9B9D66352BA8}.Debug|x86.Build.0 = Debug|Any CPU
		{530B207D-90F8-404A-BAA6-9B9D66352BA8}.Debug|x86.Deploy.0 = Debug|Any CPU
		{530B207D-90F8-404A-BAA6-9B9D66352BA8}.Release|Any CPU.ActiveCfg = Release|Any CPU
		{530B207D-90F8-404A-BAA6-9B9D66352BA8}.Release|Any CPU.Build.0 = Release|Any CPU
		{530B207D-90F8-404A-BAA6-9B9D66352BA8}.Release|Any CPU.Deploy.0 = Release|Any CPU
		{530B207D-90F8-404A-BAA6-9B9D66352BA8}.Release|ARM.ActiveCfg = Release|Any CPU
		{530B207D-90F8-404A-BAA6-9B9D66352BA8}.Release|ARM.Build.0 = Release|Any CPU
		{530B207D-90F8-404A-BAA6-9B9D66352BA8}.Release|ARM.Deploy.0 = Release|Any CPU
		{530B207D-90F8-404A-BAA6-9B9D66352BA8}.Release|ARM64.ActiveCfg = Release|Any CPU
		{530B207D-90F8-404A-BAA6-9B9D66352BA8}.Release|ARM64.Build.0 = Release|Any CPU
		{530B207D-90F8-404A-BAA6-9B9D66352BA8}.Release|ARM64.Deploy.0 = Release|Any CPU
		{530B207D-90F8-404A-BAA6-9B9D66352BA8}.Release|iPhone.ActiveCfg = Release|Any CPU
		{530B207D-90F8-404A-BAA6-9B9D66352BA8}.Release|iPhone.Build.0 = Release|Any CPU
		{530B207D-90F8-404A-BAA6-9B9D66352BA8}.Release|iPhone.Deploy.0 = Release|Any CPU
		{530B207D-90F8-404A-BAA6-9B9D66352BA8}.Release|iPhoneSimulator.ActiveCfg = Release|Any CPU
		{530B207D-90F8-404A-BAA6-9B9D66352BA8}.Release|iPhoneSimulator.Build.0 = Release|Any CPU
		{530B207D-90F8-404A-BAA6-9B9D66352BA8}.Release|iPhoneSimulator.Deploy.0 = Release|Any CPU
		{530B207D-90F8-404A-BAA6-9B9D66352BA8}.Release|x64.ActiveCfg = Release|Any CPU
		{530B207D-90F8-404A-BAA6-9B9D66352BA8}.Release|x64.Build.0 = Release|Any CPU
		{530B207D-90F8-404A-BAA6-9B9D66352BA8}.Release|x64.Deploy.0 = Release|Any CPU
		{530B207D-90F8-404A-BAA6-9B9D66352BA8}.Release|x86.ActiveCfg = Release|Any CPU
		{530B207D-90F8-404A-BAA6-9B9D66352BA8}.Release|x86.Build.0 = Release|Any CPU
		{530B207D-90F8-404A-BAA6-9B9D66352BA8}.Release|x86.Deploy.0 = Release|Any CPU
		{7164021D-881D-4F84-84EC-2B6CAA400858}.Ad-Hoc|Any CPU.ActiveCfg = Ad-Hoc|iPhone
		{7164021D-881D-4F84-84EC-2B6CAA400858}.Ad-Hoc|ARM.ActiveCfg = Ad-Hoc|iPhone
		{7164021D-881D-4F84-84EC-2B6CAA400858}.Ad-Hoc|ARM64.ActiveCfg = Ad-Hoc|iPhone
		{7164021D-881D-4F84-84EC-2B6CAA400858}.Ad-Hoc|iPhone.ActiveCfg = Ad-Hoc|iPhone
		{7164021D-881D-4F84-84EC-2B6CAA400858}.Ad-Hoc|iPhone.Build.0 = Ad-Hoc|iPhone
		{7164021D-881D-4F84-84EC-2B6CAA400858}.Ad-Hoc|iPhoneSimulator.ActiveCfg = Ad-Hoc|iPhoneSimulator
		{7164021D-881D-4F84-84EC-2B6CAA400858}.Ad-Hoc|iPhoneSimulator.Build.0 = Ad-Hoc|iPhoneSimulator
		{7164021D-881D-4F84-84EC-2B6CAA400858}.Ad-Hoc|x64.ActiveCfg = Ad-Hoc|iPhone
		{7164021D-881D-4F84-84EC-2B6CAA400858}.Ad-Hoc|x86.ActiveCfg = Ad-Hoc|iPhone
		{7164021D-881D-4F84-84EC-2B6CAA400858}.AppStore|Any CPU.ActiveCfg = AppStore|iPhone
		{7164021D-881D-4F84-84EC-2B6CAA400858}.AppStore|ARM.ActiveCfg = AppStore|iPhone
		{7164021D-881D-4F84-84EC-2B6CAA400858}.AppStore|ARM64.ActiveCfg = AppStore|iPhone
		{7164021D-881D-4F84-84EC-2B6CAA400858}.AppStore|iPhone.ActiveCfg = AppStore|iPhone
		{7164021D-881D-4F84-84EC-2B6CAA400858}.AppStore|iPhone.Build.0 = AppStore|iPhone
		{7164021D-881D-4F84-84EC-2B6CAA400858}.AppStore|iPhoneSimulator.ActiveCfg = AppStore|iPhoneSimulator
		{7164021D-881D-4F84-84EC-2B6CAA400858}.AppStore|iPhoneSimulator.Build.0 = AppStore|iPhoneSimulator
		{7164021D-881D-4F84-84EC-2B6CAA400858}.AppStore|x64.ActiveCfg = AppStore|iPhone
		{7164021D-881D-4F84-84EC-2B6CAA400858}.AppStore|x86.ActiveCfg = AppStore|iPhone
		{7164021D-881D-4F84-84EC-2B6CAA400858}.Debug|Any CPU.ActiveCfg = Debug|iPhone
		{7164021D-881D-4F84-84EC-2B6CAA400858}.Debug|ARM.ActiveCfg = Debug|iPhone
		{7164021D-881D-4F84-84EC-2B6CAA400858}.Debug|ARM64.ActiveCfg = Debug|iPhone
		{7164021D-881D-4F84-84EC-2B6CAA400858}.Debug|iPhone.ActiveCfg = Debug|iPhone
		{7164021D-881D-4F84-84EC-2B6CAA400858}.Debug|iPhone.Build.0 = Debug|iPhone
		{7164021D-881D-4F84-84EC-2B6CAA400858}.Debug|iPhoneSimulator.ActiveCfg = Debug|iPhoneSimulator
		{7164021D-881D-4F84-84EC-2B6CAA400858}.Debug|iPhoneSimulator.Build.0 = Debug|iPhoneSimulator
		{7164021D-881D-4F84-84EC-2B6CAA400858}.Debug|x64.ActiveCfg = Debug|iPhone
		{7164021D-881D-4F84-84EC-2B6CAA400858}.Debug|x86.ActiveCfg = Debug|iPhone
		{7164021D-881D-4F84-84EC-2B6CAA400858}.Release|Any CPU.ActiveCfg = Release|iPhone
		{7164021D-881D-4F84-84EC-2B6CAA400858}.Release|ARM.ActiveCfg = Release|iPhone
		{7164021D-881D-4F84-84EC-2B6CAA400858}.Release|ARM64.ActiveCfg = Release|iPhone
		{7164021D-881D-4F84-84EC-2B6CAA400858}.Release|iPhone.ActiveCfg = Release|iPhone
		{7164021D-881D-4F84-84EC-2B6CAA400858}.Release|iPhone.Build.0 = Release|iPhone
		{7164021D-881D-4F84-84EC-2B6CAA400858}.Release|iPhoneSimulator.ActiveCfg = Release|iPhoneSimulator
		{7164021D-881D-4F84-84EC-2B6CAA400858}.Release|iPhoneSimulator.Build.0 = Release|iPhoneSimulator
		{7164021D-881D-4F84-84EC-2B6CAA400858}.Release|x64.ActiveCfg = Release|iPhone
		{7164021D-881D-4F84-84EC-2B6CAA400858}.Release|x86.ActiveCfg = Release|iPhone
		{DA8BD6FD-3022-4118-A693-F100A615C760}.Ad-Hoc|Any CPU.ActiveCfg = Release|x64
		{DA8BD6FD-3022-4118-A693-F100A615C760}.Ad-Hoc|Any CPU.Build.0 = Release|x64
		{DA8BD6FD-3022-4118-A693-F100A615C760}.Ad-Hoc|Any CPU.Deploy.0 = Release|x64
		{DA8BD6FD-3022-4118-A693-F100A615C760}.Ad-Hoc|ARM.ActiveCfg = Release|ARM
		{DA8BD6FD-3022-4118-A693-F100A615C760}.Ad-Hoc|ARM.Build.0 = Release|ARM
		{DA8BD6FD-3022-4118-A693-F100A615C760}.Ad-Hoc|ARM.Deploy.0 = Release|ARM
		{DA8BD6FD-3022-4118-A693-F100A615C760}.Ad-Hoc|ARM64.ActiveCfg = Release|ARM64
		{DA8BD6FD-3022-4118-A693-F100A615C760}.Ad-Hoc|ARM64.Build.0 = Release|ARM64
		{DA8BD6FD-3022-4118-A693-F100A615C760}.Ad-Hoc|ARM64.Deploy.0 = Release|ARM64
		{DA8BD6FD-3022-4118-A693-F100A615C760}.Ad-Hoc|iPhone.ActiveCfg = Release|x64
		{DA8BD6FD-3022-4118-A693-F100A615C760}.Ad-Hoc|iPhone.Build.0 = Release|x64
		{DA8BD6FD-3022-4118-A693-F100A615C760}.Ad-Hoc|iPhone.Deploy.0 = Release|x64
		{DA8BD6FD-3022-4118-A693-F100A615C760}.Ad-Hoc|iPhoneSimulator.ActiveCfg = Release|x64
		{DA8BD6FD-3022-4118-A693-F100A615C760}.Ad-Hoc|iPhoneSimulator.Build.0 = Release|x64
		{DA8BD6FD-3022-4118-A693-F100A615C760}.Ad-Hoc|iPhoneSimulator.Deploy.0 = Release|x64
		{DA8BD6FD-3022-4118-A693-F100A615C760}.Ad-Hoc|x64.ActiveCfg = Release|x64
		{DA8BD6FD-3022-4118-A693-F100A615C760}.Ad-Hoc|x64.Build.0 = Release|x64
		{DA8BD6FD-3022-4118-A693-F100A615C760}.Ad-Hoc|x64.Deploy.0 = Release|x64
		{DA8BD6FD-3022-4118-A693-F100A615C760}.Ad-Hoc|x86.ActiveCfg = Release|x86
		{DA8BD6FD-3022-4118-A693-F100A615C760}.Ad-Hoc|x86.Build.0 = Release|x86
		{DA8BD6FD-3022-4118-A693-F100A615C760}.Ad-Hoc|x86.Deploy.0 = Release|x86
		{DA8BD6FD-3022-4118-A693-F100A615C760}.AppStore|Any CPU.ActiveCfg = Release|x64
		{DA8BD6FD-3022-4118-A693-F100A615C760}.AppStore|Any CPU.Build.0 = Release|x64
		{DA8BD6FD-3022-4118-A693-F100A615C760}.AppStore|Any CPU.Deploy.0 = Release|x64
		{DA8BD6FD-3022-4118-A693-F100A615C760}.AppStore|ARM.ActiveCfg = Release|ARM
		{DA8BD6FD-3022-4118-A693-F100A615C760}.AppStore|ARM.Build.0 = Release|ARM
		{DA8BD6FD-3022-4118-A693-F100A615C760}.AppStore|ARM.Deploy.0 = Release|ARM
		{DA8BD6FD-3022-4118-A693-F100A615C760}.AppStore|ARM64.ActiveCfg = Release|ARM64
		{DA8BD6FD-3022-4118-A693-F100A615C760}.AppStore|ARM64.Build.0 = Release|ARM64
		{DA8BD6FD-3022-4118-A693-F100A615C760}.AppStore|ARM64.Deploy.0 = Release|ARM64
		{DA8BD6FD-3022-4118-A693-F100A615C760}.AppStore|iPhone.ActiveCfg = Release|x64
		{DA8BD6FD-3022-4118-A693-F100A615C760}.AppStore|iPhone.Build.0 = Release|x64
		{DA8BD6FD-3022-4118-A693-F100A615C760}.AppStore|iPhone.Deploy.0 = Release|x64
		{DA8BD6FD-3022-4118-A693-F100A615C760}.AppStore|iPhoneSimulator.ActiveCfg = Release|x64
		{DA8BD6FD-3022-4118-A693-F100A615C760}.AppStore|iPhoneSimulator.Build.0 = Release|x64
		{DA8BD6FD-3022-4118-A693-F100A615C760}.AppStore|iPhoneSimulator.Deploy.0 = Release|x64
		{DA8BD6FD-3022-4118-A693-F100A615C760}.AppStore|x64.ActiveCfg = Release|x64
		{DA8BD6FD-3022-4118-A693-F100A615C760}.AppStore|x64.Build.0 = Release|x64
		{DA8BD6FD-3022-4118-A693-F100A615C760}.AppStore|x64.Deploy.0 = Release|x64
		{DA8BD6FD-3022-4118-A693-F100A615C760}.AppStore|x86.ActiveCfg = Release|x86
		{DA8BD6FD-3022-4118-A693-F100A615C760}.AppStore|x86.Build.0 = Release|x86
		{DA8BD6FD-3022-4118-A693-F100A615C760}.AppStore|x86.Deploy.0 = Release|x86
		{DA8BD6FD-3022-4118-A693-F100A615C760}.Debug|Any CPU.ActiveCfg = Debug|x86
		{DA8BD6FD-3022-4118-A693-F100A615C760}.Debug|ARM.ActiveCfg = Debug|ARM
		{DA8BD6FD-3022-4118-A693-F100A615C760}.Debug|ARM.Build.0 = Debug|ARM
		{DA8BD6FD-3022-4118-A693-F100A615C760}.Debug|ARM.Deploy.0 = Debug|ARM
		{DA8BD6FD-3022-4118-A693-F100A615C760}.Debug|ARM64.ActiveCfg = Debug|ARM64
		{DA8BD6FD-3022-4118-A693-F100A615C760}.Debug|ARM64.Build.0 = Debug|ARM64
		{DA8BD6FD-3022-4118-A693-F100A615C760}.Debug|ARM64.Deploy.0 = Debug|ARM64
		{DA8BD6FD-3022-4118-A693-F100A615C760}.Debug|iPhone.ActiveCfg = Debug|x86
		{DA8BD6FD-3022-4118-A693-F100A615C760}.Debug|iPhoneSimulator.ActiveCfg = Debug|x86
		{DA8BD6FD-3022-4118-A693-F100A615C760}.Debug|x64.ActiveCfg = Debug|x64
		{DA8BD6FD-3022-4118-A693-F100A615C760}.Debug|x64.Build.0 = Debug|x64
		{DA8BD6FD-3022-4118-A693-F100A615C760}.Debug|x64.Deploy.0 = Debug|x64
		{DA8BD6FD-3022-4118-A693-F100A615C760}.Debug|x86.ActiveCfg = Debug|x86
		{DA8BD6FD-3022-4118-A693-F100A615C760}.Debug|x86.Build.0 = Debug|x86
		{DA8BD6FD-3022-4118-A693-F100A615C760}.Debug|x86.Deploy.0 = Debug|x86
		{DA8BD6FD-3022-4118-A693-F100A615C760}.Release|Any CPU.ActiveCfg = Release|x86
		{DA8BD6FD-3022-4118-A693-F100A615C760}.Release|ARM.ActiveCfg = Release|ARM
		{DA8BD6FD-3022-4118-A693-F100A615C760}.Release|ARM.Build.0 = Release|ARM
		{DA8BD6FD-3022-4118-A693-F100A615C760}.Release|ARM.Deploy.0 = Release|ARM
		{DA8BD6FD-3022-4118-A693-F100A615C760}.Release|ARM64.ActiveCfg = Release|ARM64
		{DA8BD6FD-3022-4118-A693-F100A615C760}.Release|ARM64.Build.0 = Release|ARM64
		{DA8BD6FD-3022-4118-A693-F100A615C760}.Release|ARM64.Deploy.0 = Release|ARM64
		{DA8BD6FD-3022-4118-A693-F100A615C760}.Release|iPhone.ActiveCfg = Release|x86
		{DA8BD6FD-3022-4118-A693-F100A615C760}.Release|iPhoneSimulator.ActiveCfg = Release|x86
		{DA8BD6FD-3022-4118-A693-F100A615C760}.Release|x64.ActiveCfg = Release|x64
		{DA8BD6FD-3022-4118-A693-F100A615C760}.Release|x64.Build.0 = Release|x64
		{DA8BD6FD-3022-4118-A693-F100A615C760}.Release|x64.Deploy.0 = Release|x64
		{DA8BD6FD-3022-4118-A693-F100A615C760}.Release|x86.ActiveCfg = Release|x86
		{DA8BD6FD-3022-4118-A693-F100A615C760}.Release|x86.Build.0 = Release|x86
		{DA8BD6FD-3022-4118-A693-F100A615C760}.Release|x86.Deploy.0 = Release|x86
		{EDA3AA92-8511-41F9-8704-075C097EC8BC}.Ad-Hoc|Any CPU.ActiveCfg = Debug|Any CPU
		{EDA3AA92-8511-41F9-8704-075C097EC8BC}.Ad-Hoc|Any CPU.Build.0 = Debug|Any CPU
		{EDA3AA92-8511-41F9-8704-075C097EC8BC}.Ad-Hoc|ARM.ActiveCfg = Debug|Any CPU
		{EDA3AA92-8511-41F9-8704-075C097EC8BC}.Ad-Hoc|ARM.Build.0 = Debug|Any CPU
		{EDA3AA92-8511-41F9-8704-075C097EC8BC}.Ad-Hoc|ARM64.ActiveCfg = Debug|Any CPU
		{EDA3AA92-8511-41F9-8704-075C097EC8BC}.Ad-Hoc|ARM64.Build.0 = Debug|Any CPU
		{EDA3AA92-8511-41F9-8704-075C097EC8BC}.Ad-Hoc|iPhone.ActiveCfg = Debug|Any CPU
		{EDA3AA92-8511-41F9-8704-075C097EC8BC}.Ad-Hoc|iPhone.Build.0 = Debug|Any CPU
		{EDA3AA92-8511-41F9-8704-075C097EC8BC}.Ad-Hoc|iPhoneSimulator.ActiveCfg = Debug|Any CPU
		{EDA3AA92-8511-41F9-8704-075C097EC8BC}.Ad-Hoc|iPhoneSimulator.Build.0 = Debug|Any CPU
		{EDA3AA92-8511-41F9-8704-075C097EC8BC}.Ad-Hoc|x64.ActiveCfg = Debug|Any CPU
		{EDA3AA92-8511-41F9-8704-075C097EC8BC}.Ad-Hoc|x64.Build.0 = Debug|Any CPU
		{EDA3AA92-8511-41F9-8704-075C097EC8BC}.Ad-Hoc|x86.ActiveCfg = Debug|Any CPU
		{EDA3AA92-8511-41F9-8704-075C097EC8BC}.Ad-Hoc|x86.Build.0 = Debug|Any CPU
		{EDA3AA92-8511-41F9-8704-075C097EC8BC}.AppStore|Any CPU.ActiveCfg = Debug|Any CPU
		{EDA3AA92-8511-41F9-8704-075C097EC8BC}.AppStore|Any CPU.Build.0 = Debug|Any CPU
		{EDA3AA92-8511-41F9-8704-075C097EC8BC}.AppStore|ARM.ActiveCfg = Debug|Any CPU
		{EDA3AA92-8511-41F9-8704-075C097EC8BC}.AppStore|ARM.Build.0 = Debug|Any CPU
		{EDA3AA92-8511-41F9-8704-075C097EC8BC}.AppStore|ARM64.ActiveCfg = Debug|Any CPU
		{EDA3AA92-8511-41F9-8704-075C097EC8BC}.AppStore|ARM64.Build.0 = Debug|Any CPU
		{EDA3AA92-8511-41F9-8704-075C097EC8BC}.AppStore|iPhone.ActiveCfg = Debug|Any CPU
		{EDA3AA92-8511-41F9-8704-075C097EC8BC}.AppStore|iPhone.Build.0 = Debug|Any CPU
		{EDA3AA92-8511-41F9-8704-075C097EC8BC}.AppStore|iPhoneSimulator.ActiveCfg = Debug|Any CPU
		{EDA3AA92-8511-41F9-8704-075C097EC8BC}.AppStore|iPhoneSimulator.Build.0 = Debug|Any CPU
		{EDA3AA92-8511-41F9-8704-075C097EC8BC}.AppStore|x64.ActiveCfg = Debug|Any CPU
		{EDA3AA92-8511-41F9-8704-075C097EC8BC}.AppStore|x64.Build.0 = Debug|Any CPU
		{EDA3AA92-8511-41F9-8704-075C097EC8BC}.AppStore|x86.ActiveCfg = Debug|Any CPU
		{EDA3AA92-8511-41F9-8704-075C097EC8BC}.AppStore|x86.Build.0 = Debug|Any CPU
		{EDA3AA92-8511-41F9-8704-075C097EC8BC}.Debug|Any CPU.ActiveCfg = Debug|Any CPU
		{EDA3AA92-8511-41F9-8704-075C097EC8BC}.Debug|Any CPU.Build.0 = Debug|Any CPU
		{EDA3AA92-8511-41F9-8704-075C097EC8BC}.Debug|ARM.ActiveCfg = Debug|Any CPU
		{EDA3AA92-8511-41F9-8704-075C097EC8BC}.Debug|ARM.Build.0 = Debug|Any CPU
		{EDA3AA92-8511-41F9-8704-075C097EC8BC}.Debug|ARM64.ActiveCfg = Debug|Any CPU
		{EDA3AA92-8511-41F9-8704-075C097EC8BC}.Debug|ARM64.Build.0 = Debug|Any CPU
		{EDA3AA92-8511-41F9-8704-075C097EC8BC}.Debug|iPhone.ActiveCfg = Debug|Any CPU
		{EDA3AA92-8511-41F9-8704-075C097EC8BC}.Debug|iPhone.Build.0 = Debug|Any CPU
		{EDA3AA92-8511-41F9-8704-075C097EC8BC}.Debug|iPhoneSimulator.ActiveCfg = Debug|Any CPU
		{EDA3AA92-8511-41F9-8704-075C097EC8BC}.Debug|iPhoneSimulator.Build.0 = Debug|Any CPU
		{EDA3AA92-8511-41F9-8704-075C097EC8BC}.Debug|x64.ActiveCfg = Debug|Any CPU
		{EDA3AA92-8511-41F9-8704-075C097EC8BC}.Debug|x64.Build.0 = Debug|Any CPU
		{EDA3AA92-8511-41F9-8704-075C097EC8BC}.Debug|x86.ActiveCfg = Debug|Any CPU
		{EDA3AA92-8511-41F9-8704-075C097EC8BC}.Debug|x86.Build.0 = Debug|Any CPU
		{EDA3AA92-8511-41F9-8704-075C097EC8BC}.Release|Any CPU.ActiveCfg = Release|Any CPU
		{EDA3AA92-8511-41F9-8704-075C097EC8BC}.Release|Any CPU.Build.0 = Release|Any CPU
		{EDA3AA92-8511-41F9-8704-075C097EC8BC}.Release|ARM.ActiveCfg = Release|Any CPU
		{EDA3AA92-8511-41F9-8704-075C097EC8BC}.Release|ARM.Build.0 = Release|Any CPU
		{EDA3AA92-8511-41F9-8704-075C097EC8BC}.Release|ARM64.ActiveCfg = Release|Any CPU
		{EDA3AA92-8511-41F9-8704-075C097EC8BC}.Release|ARM64.Build.0 = Release|Any CPU
		{EDA3AA92-8511-41F9-8704-075C097EC8BC}.Release|iPhone.ActiveCfg = Release|Any CPU
		{EDA3AA92-8511-41F9-8704-075C097EC8BC}.Release|iPhone.Build.0 = Release|Any CPU
		{EDA3AA92-8511-41F9-8704-075C097EC8BC}.Release|iPhoneSimulator.ActiveCfg = Release|Any CPU
		{EDA3AA92-8511-41F9-8704-075C097EC8BC}.Release|iPhoneSimulator.Build.0 = Release|Any CPU
		{EDA3AA92-8511-41F9-8704-075C097EC8BC}.Release|x64.ActiveCfg = Release|Any CPU
		{EDA3AA92-8511-41F9-8704-075C097EC8BC}.Release|x64.Build.0 = Release|Any CPU
		{EDA3AA92-8511-41F9-8704-075C097EC8BC}.Release|x86.ActiveCfg = Release|Any CPU
		{EDA3AA92-8511-41F9-8704-075C097EC8BC}.Release|x86.Build.0 = Release|Any CPU
		{BF4AB1E5-625C-49C6-8682-D9C95DD72DD4}.Ad-Hoc|Any CPU.ActiveCfg = Release|iPhoneSimulator
		{BF4AB1E5-625C-49C6-8682-D9C95DD72DD4}.Ad-Hoc|Any CPU.Build.0 = Release|iPhoneSimulator
		{BF4AB1E5-625C-49C6-8682-D9C95DD72DD4}.Ad-Hoc|ARM.ActiveCfg = Release|iPhoneSimulator
		{BF4AB1E5-625C-49C6-8682-D9C95DD72DD4}.Ad-Hoc|ARM.Build.0 = Release|iPhoneSimulator
		{BF4AB1E5-625C-49C6-8682-D9C95DD72DD4}.Ad-Hoc|ARM64.ActiveCfg = Release|iPhoneSimulator
		{BF4AB1E5-625C-49C6-8682-D9C95DD72DD4}.Ad-Hoc|ARM64.Build.0 = Release|iPhoneSimulator
		{BF4AB1E5-625C-49C6-8682-D9C95DD72DD4}.Ad-Hoc|iPhone.ActiveCfg = Release|iPhoneSimulator
		{BF4AB1E5-625C-49C6-8682-D9C95DD72DD4}.Ad-Hoc|iPhone.Build.0 = Release|iPhoneSimulator
		{BF4AB1E5-625C-49C6-8682-D9C95DD72DD4}.Ad-Hoc|iPhoneSimulator.ActiveCfg = Release|iPhoneSimulator
		{BF4AB1E5-625C-49C6-8682-D9C95DD72DD4}.Ad-Hoc|iPhoneSimulator.Build.0 = Release|iPhoneSimulator
		{BF4AB1E5-625C-49C6-8682-D9C95DD72DD4}.Ad-Hoc|x64.ActiveCfg = Release|iPhoneSimulator
		{BF4AB1E5-625C-49C6-8682-D9C95DD72DD4}.Ad-Hoc|x64.Build.0 = Release|iPhoneSimulator
		{BF4AB1E5-625C-49C6-8682-D9C95DD72DD4}.Ad-Hoc|x86.ActiveCfg = Release|iPhoneSimulator
		{BF4AB1E5-625C-49C6-8682-D9C95DD72DD4}.Ad-Hoc|x86.Build.0 = Release|iPhoneSimulator
		{BF4AB1E5-625C-49C6-8682-D9C95DD72DD4}.AppStore|Any CPU.ActiveCfg = Release|iPhoneSimulator
		{BF4AB1E5-625C-49C6-8682-D9C95DD72DD4}.AppStore|Any CPU.Build.0 = Release|iPhoneSimulator
		{BF4AB1E5-625C-49C6-8682-D9C95DD72DD4}.AppStore|ARM.ActiveCfg = Release|iPhoneSimulator
		{BF4AB1E5-625C-49C6-8682-D9C95DD72DD4}.AppStore|ARM.Build.0 = Release|iPhoneSimulator
		{BF4AB1E5-625C-49C6-8682-D9C95DD72DD4}.AppStore|ARM64.ActiveCfg = Release|iPhoneSimulator
		{BF4AB1E5-625C-49C6-8682-D9C95DD72DD4}.AppStore|ARM64.Build.0 = Release|iPhoneSimulator
		{BF4AB1E5-625C-49C6-8682-D9C95DD72DD4}.AppStore|iPhone.ActiveCfg = Release|iPhoneSimulator
		{BF4AB1E5-625C-49C6-8682-D9C95DD72DD4}.AppStore|iPhone.Build.0 = Release|iPhoneSimulator
		{BF4AB1E5-625C-49C6-8682-D9C95DD72DD4}.AppStore|iPhoneSimulator.ActiveCfg = Release|iPhoneSimulator
		{BF4AB1E5-625C-49C6-8682-D9C95DD72DD4}.AppStore|iPhoneSimulator.Build.0 = Release|iPhoneSimulator
		{BF4AB1E5-625C-49C6-8682-D9C95DD72DD4}.AppStore|x64.ActiveCfg = Release|iPhoneSimulator
		{BF4AB1E5-625C-49C6-8682-D9C95DD72DD4}.AppStore|x64.Build.0 = Release|iPhoneSimulator
		{BF4AB1E5-625C-49C6-8682-D9C95DD72DD4}.AppStore|x86.ActiveCfg = Release|iPhoneSimulator
		{BF4AB1E5-625C-49C6-8682-D9C95DD72DD4}.AppStore|x86.Build.0 = Release|iPhoneSimulator
		{BF4AB1E5-625C-49C6-8682-D9C95DD72DD4}.Debug|Any CPU.ActiveCfg = Debug|iPhoneSimulator
		{BF4AB1E5-625C-49C6-8682-D9C95DD72DD4}.Debug|ARM.ActiveCfg = Debug|iPhoneSimulator
		{BF4AB1E5-625C-49C6-8682-D9C95DD72DD4}.Debug|ARM64.ActiveCfg = Debug|iPhoneSimulator
		{BF4AB1E5-625C-49C6-8682-D9C95DD72DD4}.Debug|iPhone.ActiveCfg = Debug|iPhoneSimulator
		{BF4AB1E5-625C-49C6-8682-D9C95DD72DD4}.Debug|iPhoneSimulator.ActiveCfg = Debug|iPhoneSimulator
		{BF4AB1E5-625C-49C6-8682-D9C95DD72DD4}.Debug|iPhoneSimulator.Build.0 = Debug|iPhoneSimulator
		{BF4AB1E5-625C-49C6-8682-D9C95DD72DD4}.Debug|x64.ActiveCfg = Debug|iPhoneSimulator
		{BF4AB1E5-625C-49C6-8682-D9C95DD72DD4}.Debug|x86.ActiveCfg = Debug|iPhoneSimulator
		{BF4AB1E5-625C-49C6-8682-D9C95DD72DD4}.Release|Any CPU.ActiveCfg = Release|iPhoneSimulator
		{BF4AB1E5-625C-49C6-8682-D9C95DD72DD4}.Release|ARM.ActiveCfg = Release|iPhoneSimulator
		{BF4AB1E5-625C-49C6-8682-D9C95DD72DD4}.Release|ARM64.ActiveCfg = Release|iPhoneSimulator
		{BF4AB1E5-625C-49C6-8682-D9C95DD72DD4}.Release|iPhone.ActiveCfg = Release|iPhoneSimulator
		{BF4AB1E5-625C-49C6-8682-D9C95DD72DD4}.Release|iPhoneSimulator.ActiveCfg = Release|iPhoneSimulator
		{BF4AB1E5-625C-49C6-8682-D9C95DD72DD4}.Release|iPhoneSimulator.Build.0 = Release|iPhoneSimulator
		{BF4AB1E5-625C-49C6-8682-D9C95DD72DD4}.Release|x64.ActiveCfg = Release|iPhoneSimulator
		{BF4AB1E5-625C-49C6-8682-D9C95DD72DD4}.Release|x86.ActiveCfg = Release|iPhoneSimulator
		{16F6FF6E-666D-4AC7-A767-55E8F13DAEAA}.Ad-Hoc|Any CPU.ActiveCfg = Debug|Any CPU
		{16F6FF6E-666D-4AC7-A767-55E8F13DAEAA}.Ad-Hoc|Any CPU.Build.0 = Debug|Any CPU
		{16F6FF6E-666D-4AC7-A767-55E8F13DAEAA}.Ad-Hoc|ARM.ActiveCfg = Debug|Any CPU
		{16F6FF6E-666D-4AC7-A767-55E8F13DAEAA}.Ad-Hoc|ARM.Build.0 = Debug|Any CPU
		{16F6FF6E-666D-4AC7-A767-55E8F13DAEAA}.Ad-Hoc|ARM64.ActiveCfg = Debug|Any CPU
		{16F6FF6E-666D-4AC7-A767-55E8F13DAEAA}.Ad-Hoc|ARM64.Build.0 = Debug|Any CPU
		{16F6FF6E-666D-4AC7-A767-55E8F13DAEAA}.Ad-Hoc|iPhone.ActiveCfg = Debug|Any CPU
		{16F6FF6E-666D-4AC7-A767-55E8F13DAEAA}.Ad-Hoc|iPhone.Build.0 = Debug|Any CPU
		{16F6FF6E-666D-4AC7-A767-55E8F13DAEAA}.Ad-Hoc|iPhoneSimulator.ActiveCfg = Debug|Any CPU
		{16F6FF6E-666D-4AC7-A767-55E8F13DAEAA}.Ad-Hoc|iPhoneSimulator.Build.0 = Debug|Any CPU
		{16F6FF6E-666D-4AC7-A767-55E8F13DAEAA}.Ad-Hoc|x64.ActiveCfg = Debug|Any CPU
		{16F6FF6E-666D-4AC7-A767-55E8F13DAEAA}.Ad-Hoc|x64.Build.0 = Debug|Any CPU
		{16F6FF6E-666D-4AC7-A767-55E8F13DAEAA}.Ad-Hoc|x86.ActiveCfg = Debug|Any CPU
		{16F6FF6E-666D-4AC7-A767-55E8F13DAEAA}.Ad-Hoc|x86.Build.0 = Debug|Any CPU
		{16F6FF6E-666D-4AC7-A767-55E8F13DAEAA}.AppStore|Any CPU.ActiveCfg = Debug|Any CPU
		{16F6FF6E-666D-4AC7-A767-55E8F13DAEAA}.AppStore|Any CPU.Build.0 = Debug|Any CPU
		{16F6FF6E-666D-4AC7-A767-55E8F13DAEAA}.AppStore|ARM.ActiveCfg = Debug|Any CPU
		{16F6FF6E-666D-4AC7-A767-55E8F13DAEAA}.AppStore|ARM.Build.0 = Debug|Any CPU
		{16F6FF6E-666D-4AC7-A767-55E8F13DAEAA}.AppStore|ARM64.ActiveCfg = Debug|Any CPU
		{16F6FF6E-666D-4AC7-A767-55E8F13DAEAA}.AppStore|ARM64.Build.0 = Debug|Any CPU
		{16F6FF6E-666D-4AC7-A767-55E8F13DAEAA}.AppStore|iPhone.ActiveCfg = Debug|Any CPU
		{16F6FF6E-666D-4AC7-A767-55E8F13DAEAA}.AppStore|iPhone.Build.0 = Debug|Any CPU
		{16F6FF6E-666D-4AC7-A767-55E8F13DAEAA}.AppStore|iPhoneSimulator.ActiveCfg = Debug|Any CPU
		{16F6FF6E-666D-4AC7-A767-55E8F13DAEAA}.AppStore|iPhoneSimulator.Build.0 = Debug|Any CPU
		{16F6FF6E-666D-4AC7-A767-55E8F13DAEAA}.AppStore|x64.ActiveCfg = Debug|Any CPU
		{16F6FF6E-666D-4AC7-A767-55E8F13DAEAA}.AppStore|x64.Build.0 = Debug|Any CPU
		{16F6FF6E-666D-4AC7-A767-55E8F13DAEAA}.AppStore|x86.ActiveCfg = Debug|Any CPU
		{16F6FF6E-666D-4AC7-A767-55E8F13DAEAA}.AppStore|x86.Build.0 = Debug|Any CPU
		{16F6FF6E-666D-4AC7-A767-55E8F13DAEAA}.Debug|Any CPU.ActiveCfg = Debug|Any CPU
		{16F6FF6E-666D-4AC7-A767-55E8F13DAEAA}.Debug|Any CPU.Build.0 = Debug|Any CPU
		{16F6FF6E-666D-4AC7-A767-55E8F13DAEAA}.Debug|ARM.ActiveCfg = Debug|Any CPU
		{16F6FF6E-666D-4AC7-A767-55E8F13DAEAA}.Debug|ARM.Build.0 = Debug|Any CPU
		{16F6FF6E-666D-4AC7-A767-55E8F13DAEAA}.Debug|ARM64.ActiveCfg = Debug|Any CPU
		{16F6FF6E-666D-4AC7-A767-55E8F13DAEAA}.Debug|ARM64.Build.0 = Debug|Any CPU
		{16F6FF6E-666D-4AC7-A767-55E8F13DAEAA}.Debug|iPhone.ActiveCfg = Debug|Any CPU
		{16F6FF6E-666D-4AC7-A767-55E8F13DAEAA}.Debug|iPhone.Build.0 = Debug|Any CPU
		{16F6FF6E-666D-4AC7-A767-55E8F13DAEAA}.Debug|iPhoneSimulator.ActiveCfg = Debug|Any CPU
		{16F6FF6E-666D-4AC7-A767-55E8F13DAEAA}.Debug|iPhoneSimulator.Build.0 = Debug|Any CPU
		{16F6FF6E-666D-4AC7-A767-55E8F13DAEAA}.Debug|x64.ActiveCfg = Debug|Any CPU
		{16F6FF6E-666D-4AC7-A767-55E8F13DAEAA}.Debug|x64.Build.0 = Debug|Any CPU
		{16F6FF6E-666D-4AC7-A767-55E8F13DAEAA}.Debug|x86.ActiveCfg = Debug|Any CPU
		{16F6FF6E-666D-4AC7-A767-55E8F13DAEAA}.Debug|x86.Build.0 = Debug|Any CPU
		{16F6FF6E-666D-4AC7-A767-55E8F13DAEAA}.Release|Any CPU.ActiveCfg = Release|Any CPU
		{16F6FF6E-666D-4AC7-A767-55E8F13DAEAA}.Release|Any CPU.Build.0 = Release|Any CPU
		{16F6FF6E-666D-4AC7-A767-55E8F13DAEAA}.Release|ARM.ActiveCfg = Release|Any CPU
		{16F6FF6E-666D-4AC7-A767-55E8F13DAEAA}.Release|ARM.Build.0 = Release|Any CPU
		{16F6FF6E-666D-4AC7-A767-55E8F13DAEAA}.Release|ARM64.ActiveCfg = Release|Any CPU
		{16F6FF6E-666D-4AC7-A767-55E8F13DAEAA}.Release|ARM64.Build.0 = Release|Any CPU
		{16F6FF6E-666D-4AC7-A767-55E8F13DAEAA}.Release|iPhone.ActiveCfg = Release|Any CPU
		{16F6FF6E-666D-4AC7-A767-55E8F13DAEAA}.Release|iPhone.Build.0 = Release|Any CPU
		{16F6FF6E-666D-4AC7-A767-55E8F13DAEAA}.Release|iPhoneSimulator.ActiveCfg = Release|Any CPU
		{16F6FF6E-666D-4AC7-A767-55E8F13DAEAA}.Release|iPhoneSimulator.Build.0 = Release|Any CPU
		{16F6FF6E-666D-4AC7-A767-55E8F13DAEAA}.Release|x64.ActiveCfg = Release|Any CPU
		{16F6FF6E-666D-4AC7-A767-55E8F13DAEAA}.Release|x64.Build.0 = Release|Any CPU
		{16F6FF6E-666D-4AC7-A767-55E8F13DAEAA}.Release|x86.ActiveCfg = Release|Any CPU
		{16F6FF6E-666D-4AC7-A767-55E8F13DAEAA}.Release|x86.Build.0 = Release|Any CPU
	EndGlobalSection
	GlobalSection(SolutionProperties) = preSolution
		HideSolutionNode = FALSE
	EndGlobalSection
	GlobalSection(ExtensibilityGlobals) = postSolution
		SolutionGuid = {DF743BCC-EF97-4BCF-A004-35B2DB5FF6FA}
	EndGlobalSection
EndGlobal
